{
  "name": "isholiday",
  "version": "1.0.0",
  "lockfileVersion": 1,
  "requires": true,
  "dependencies": {
    "azdate": {
      "version": "1.0.1",
      "resolved": "https://registry.npmjs.org/azdate/-/azdate-1.0.1.tgz",
      "integrity": "sha512-kcXZD+Xi7sngV2JMlm40Wmxk7QHza4whIwG67o0c+6JqRp9TGD/5vovMA/69SRfwaxF+L1nQi36xe1xOQWH5jQ==",
      "requires": {
        "jdate": "0.0.2"
      }
    },
    "hijri": {
      "version": "0.5.0",
      "resolved": "https://registry.npmjs.org/hijri/-/hijri-0.5.0.tgz",
      "integrity": "sha1-1WmfIxP2N7Y5CA6Qg45Ke654Ipo="
    },
    "jdate": {
      "version": "0.0.2",
      "resolved": "https://registry.npmjs.org/jdate/-/jdate-0.0.2.tgz",
      "integrity": "sha1-GjjclmrbF29QdvbpRJk9gQvQlqE="
    },
    "moment": {
      "version": "2.29.1",
      "resolved": "https://registry.npmjs.org/moment/-/moment-2.29.1.tgz",
      "integrity": "sha512-kHmoybcPV8Sqy59DwNDY3Jefr64lK/by/da0ViFcuA4DH0vQg5Q6Ze5VimxkfQNSC+Mls/Kx53s7TjP1RhFEDQ=="
    },
    "moment-hijri": {
      "version": "2.1.2",
      "resolved": "https://registry.npmjs.org/moment-hijri/-/moment-hijri-2.1.2.tgz",
      "integrity": "sha512-p5ZOA1UzBHAAXiePh37XRjjwuyH78+1ShYZ7R6jogxketewG7kTCUjUmcP9c4Qsx8D8cqxwUWrESjtgdT6tNoA==",
      "requires": {
        "moment": "^2.24.0"
      }
    }
  }
}
